
Microsoft Visual Studio Solution File, Format Version 12.00
# Visual Studio Version 17
VisualStudioVersion = 17.0.31903.59
MinimumVisualStudioVersion = 10.0.40219.1
Project("{FAE04EC0-301F-11D3-BF4B-00C04F79EFBC}") = "SedgewickAlgorithms", "The Algorithms - Sedgewick\SedgewickAlgorithms.csproj", "{EB4F3420-5A95-40CD-A87B-8B3320665966}"
EndProject
Global
	GlobalSection(SolutionConfigurationPlatforms) = preSolution
		Debug|Any CPU = Debug|Any CPU
		Release|Any CPU = Release|Any CPU
	EndGlobalSection
	GlobalSection(SolutionProperties) = preSolution
		HideSolutionNode = FALSE
	EndGlobalSection
	GlobalSection(ProjectConfigurationPlatforms) = postSolution
		{EB4F3420-5A95-40CD-A87B-8B3320665966}.Debug|Any CPU.ActiveCfg = Debug|Any CPU
		{EB4F3420-5A95-40CD-A87B-8B3320665966}.Debug|Any CPU.Build.0 = Debug|Any CPU
		{EB4F3420-5A95-40CD-A87B-8B3320665966}.Release|Any CPU.ActiveCfg = Release|Any CPU
		{EB4F3420-5A95-40CD-A87B-8B3320665966}.Release|Any CPU.Build.0 = Release|Any CPU
	EndGlobalSection
EndGlobal
